// !$*UTF8*$!
{
	archiveVersion = 1;
	classes = {
	};
	objectVersion = 50;
	objects = {

/* Begin PBXBuildFile section */
		43BE5AD2253C0EEA007D8D0E /* AppDelegate.swift in Sources */ = {isa = PBXBuildFile; fileRef = 43BE5AD1253C0EEA007D8D0E /* AppDelegate.swift */; };
		43BE5AD4253C0EEA007D8D0E /* GameScene.sks in Resources */ = {isa = PBXBuildFile; fileRef = 43BE5AD3253C0EEA007D8D0E /* GameScene.sks */; };
		43BE5AD6253C0EEA007D8D0E /* Actions.sks in Resources */ = {isa = PBXBuildFile; fileRef = 43BE5AD5253C0EEA007D8D0E /* Actions.sks */; };
		43BE5AD8253C0EEA007D8D0E /* GameScene.swift in Sources */ = {isa = PBXBuildFile; fileRef = 43BE5AD7253C0EEA007D8D0E /* GameScene.swift */; };
		43BE5ADA253C0EEA007D8D0E /* GameViewController.swift in Sources */ = {isa = PBXBuildFile; fileRef = 43BE5AD9253C0EEA007D8D0E /* GameViewController.swift */; };
		43BE5ADD253C0EEA007D8D0E /* Main.storyboard in Resources */ = {isa = PBXBuildFile; fileRef = 43BE5ADB253C0EEA007D8D0E /* Main.storyboard */; };
		43BE5ADF253C0EED007D8D0E /* Assets.xcassets in Resources */ = {isa = PBXBuildFile; fileRef = 43BE5ADE253C0EED007D8D0E /* Assets.xcassets */; };
/* End PBXBuildFile section */

/* Begin PBXFileReference section */
		43BE5ACE253C0EEA007D8D0E /* RepoDemo.app */ = {isa = PBXFileReference; explicitFileType = wrapper.application; includeInIndex = 0; path = RepoDemo.app; sourceTree = BUILT_PRODUCTS_DIR; };
		43BE5AD1253C0EEA007D8D0E /* AppDelegate.swift */ = {isa = PBXFileReference; lastKnownFileType = sourcecode.swift; path = AppDelegate.swift; sourceTree = "<group>"; };
		43BE5AD3253C0EEA007D8D0E /* GameScene.sks */ = {isa = PBXFileReference; lastKnownFileType = file.sks; path = GameScene.sks; sourceTree = "<group>"; };
		43BE5AD5253C0EEA007D8D0E /* Actions.sks */ = {isa = PBXFileReference; lastKnownFileType = file.sks; path = Actions.sks; sourceTree = "<group>"; };
		43BE5AD7253C0EEA007D8D0E /* GameScene.swift */ = {isa = PBXFileReference; lastKnownFileType = sourcecode.swift; path = GameScene.swift; sourceTree = "<group>"; };
		43BE5AD9253C0EEA007D8D0E /* GameViewController.swift */ = {isa = PBXFileReference; lastKnownFileType = sourcecode.swift; path = GameViewController.swift; sourceTree = "<group>"; };
		43BE5ADC253C0EEA007D8D0E /* Base */ = {isa = PBXFileReference; lastKnownFileType = file.storyboard; name = Base; path = Base.lproj/Main.storyboard; sourceTree = "<group>"; };
		43BE5ADE253C0EED007D8D0E /* Assets.xcassets */ = {isa = PBXFileReference; lastKnownFileType = folder.assetcatalog; path = Assets.xcassets; sourceTree = "<group>"; };
		43BE5AE0253C0EED007D8D0E /* Info.plist */ = {isa = PBXFileReference; lastKnownFileType = text.plist.xml; path = Info.plist; sourceTree = "<group>"; };
/* End PBXFileReference section */

/* Begin PBXFrameworksBuildPhase section */
		43BE5ACB253C0EEA007D8D0E /* Frameworks */ = {
			isa = PBXFrameworksBuildPhase;
			buildActionMask = 2147483647;
			files = (
			);
			runOnlyForDeploymentPostprocessing = 0;
		};
/* End PBXFrameworksBuildPhase section */

/* Begin PBXGroup section */
		43BE5AC5253C0EEA007D8D0E = {
			isa = PBXGroup;
			children = (
				43BE5AD0253C0EEA007D8D0E /* RepoDemo */,
				43BE5ACF253C0EEA007D8D0E /* Products */,
			);
			sourceTree = "<group>";
		};
		43BE5ACF253C0EEA007D8D0E /* Products */ = {
			isa = PBXGroup;
			children = (
				43BE5ACE253C0EEA007D8D0E /* RepoDemo.app */,
			);
			name = Products;
			sourceTree = "<group>";
		};
		43BE5AD0253C0EEA007D8D0E /* RepoDemo */ = {
			isa = PBXGroup;
			children = (
				43BE5AD1253C0EEA007D8D0E /* AppDelegate.swift */,
				43BE5AD3253C0EEA007D8D0E /* GameScene.sks */,
				43BE5AD5253C0EEA007D8D0E /* Actions.sks */,
				43BE5AD7253C0EEA007D8D0E /* GameScene.swift */,
				43BE5AD9253C0EEA007D8D0E /* GameViewController.swift */,
				43BE5ADB253C0EEA007D8D0E /* Main.storyboard */,
				43BE5ADE253C0EED007D8D0E /* Assets.xcassets */,
				43BE5AE0253C0EED007D8D0E /* Info.plist */,
			);
			path = RepoDemo;
			sourceTree = "<group>";
		};
/* End PBXGroup section */

/* Begin PBXNativeTarget section */
		43BE5ACD253C0EEA007D8D0E /* RepoDemo */ = {
			isa = PBXNativeTarget;
			buildConfigurationList = 43BE5AE3253C0EED007D8D0E /* Build configuration list for PBXNativeTarget "RepoDemo" */;
			buildPhases = (
				43BE5ACA253C0EEA007D8D0E /* Sources */,
				43BE5ACB253C0EEA007D8D0E /* Frameworks */,
				43BE5ACC253C0EEA007D8D0E /* Resources */,
			);
			buildRules = (
			);
			dependencies = (
			);
			name = RepoDemo;
			productName = RepoDemo;
			productReference = 43BE5ACE253C0EEA007D8D0E /* RepoDemo.app */;
			productType = "com.apple.product-type.application";
		};
/* End PBXNativeTarget section */

/* Begin PBXProject section */
		43BE5AC6253C0EEA007D8D0E /* Project object */ = {
			isa = PBXProject;
			attributes = {
				LastSwiftUpdateCheck = 1200;
				LastUpgradeCheck = 1200;
				TargetAttributes = {
					43BE5ACD253C0EEA007D8D0E = {
						CreatedOnToolsVersion = 12.0.1;
					};
				};
			};
			buildConfigurationList = 43BE5AC9253C0EEA007D8D0E /* Build configuration list for PBXProject "RepoDemo" */;
			compatibilityVersion = "Xcode 9.3";
			developmentRegion = en;
			hasScannedForEncodings = 0;
			knownRegions = (
				en,
				Base,
			);
			mainGroup = 43BE5AC5253C0EEA007D8D0E;
			productRefGroup = 43BE5ACF253C0EEA007D8D0E /* Products */;
			projectDirPath = "";
			projectRoot = "";
			targets = (
				43BE5ACD253C0EEA007D8D0E /* RepoDemo */,
			);
		};
/* End PBXProject section */

/* Begin PBXResourcesBuildPhase section */
		43BE5ACC253C0EEA007D8D0E /* Resources */ = {
			isa = PBXResourcesBuildPhase;
			buildActionMask = 2147483647;
			files = (
				43BE5ADD253C0EEA007D8D0E /* Main.storyboard in Resources */,
				43BE5AD4253C0EEA007D8D0E /* GameScene.sks in Resources */,
				43BE5ADF253C0EED007D8D0E /* Assets.xcassets in Resources */,
				43BE5AD6253C0EEA007D8D0E /* Actions.sks in Resources */,
			);
			runOnlyForDeploymentPostprocessing = 0;
		};
/* End PBXResourcesBuildPhase section */

/* Begin PBXSourcesBuildPhase section */
		43BE5ACA253C0EEA007D8D0E /* Sources */ = {
			isa = PBXSourcesBuildPhase;
			buildActionMask = 2147483647;
			files = (
				43BE5AD8253C0EEA007D8D0E /* GameScene.swift in Sources */,
				43BE5ADA253C0EEA007D8D0E /* GameViewController.swift in Sources */,
				43BE5AD2253C0EEA007D8D0E /* AppDelegate.swift in Sources */,
			);
			runOnlyForDeploymentPostprocessing = 0;
		};
/* End PBXSourcesBuildPhase section */

/* Begin PBXVariantGroup section */
		43BE5ADB253C0EEA007D8D0E /* Main.storyboard */ = {
			isa = PBXVariantGroup;
			children = (
				43BE5ADC253C0EEA007D8D0E /* Base */,
			);
			name = Main.storyboard;
			sourceTree = "<group>";
		};
/* End PBXVariantGroup section */

/* Begin XCBuildConfiguration section */
		43BE5AE1253C0EED007D8D0E /* Debug */ = {
			isa = XCBuildConfiguration;
			buildSettings = {
				ALWAYS_SEARCH_USER_PATHS = NO;
				CLANG_ANALYZER_NONNULL = YES;
				CLANG_ANALYZER_NUMBER_OBJECT_CONVERSION = YES_AGGRESSIVE;
				CLANG_CXX_LANGUAGE_STANDARD = "gnu++14";
				CLANG_CXX_LIBRARY = "libc++";
				CLANG_ENABLE_MODULES = YES;
				CLANG_ENABLE_OBJC_ARC = YES;
				CLANG_ENABLE_OBJC_WEAK = YES;
				CLANG_WARN_BLOCK_CAPTURE_AUTORELEASING = YES;
				CLANG_WARN_BOOL_CONVERSION = YES;
				CLANG_WARN_COMMA = YES;
				CLANG_WARN_CONSTANT_CONVERSION = YES;
				CLANG_WARN_DEPRECATED_OBJC_IMPLEMENTATIONS = YES;
				CLANG_WARN_DIRECT_OBJC_ISA_USAGE = YES_ERROR;
				CLANG_WARN_DOCUMENTATION_COMMENTS = YES;
				CLANG_WARN_EMPTY_BODY = YES;
				CLANG_WARN_ENUM_CONVERSION = YES;
				CLANG_WARN_INFINITE_RECURSION = YES;
				CLANG_WARN_INT_CONVERSION = YES;
				CLANG_WARN_NON_LITERAL_NULL_CONVERSION = YES;
				CLANG_WARN_OBJC_IMPLICIT_RETAIN_SELF = YES;
				CLANG_WARN_OBJC_LITERAL_CONVERSION = YES;
				CLANG_WARN_OBJC_ROOT_CLASS = YES_ERROR;
				CLANG_WARN_QUOTED_INCLUDE_IN_FRAMEWORK_HEADER = YES;
				CLANG_WARN_RANGE_LOOP_ANALYSIS = YES;
				CLANG_WARN_STRICT_PROTOTYPES = YES;
				CLANG_WARN_SUSPICIOUS_MOVE = YES;
				CLANG_WARN_UNGUARDED_AVAILABILITY = YES_AGGRESSIVE;
				CLANG_WARN_UNREACHABLE_CODE = YES;
				CLANG_WARN__DUPLICATE_METHOD_MATCH = YES;
				COPY_PHASE_STRIP = NO;
				DEBUG_INFORMATION_FORMAT = dwarf;
				ENABLE_STRICT_OBJC_MSGSEND = YES;
				ENABLE_TESTABILITY = YES;
				GCC_C_LANGUAGE_STANDARD = gnu11;
				GCC_DYNAMIC_NO_PIC = NO;
				GCC_NO_COMMON_BLOCKS = YES;
				GCC_OPTIMIZATION_LEVEL = 0;
				GCC_PREPROCESSOR_DEFINITIONS = (
					"DEBUG=1",
					"$(inherited)",
				);
				GCC_WARN_64_TO_32_BIT_CONVERSION = YES;
				GCC_WARN_ABOUT_RETURN_TYPE = YES_ERROR;
				GCC_WARN_UNDECLARED_SELECTOR = YES;
				GCC_WARN_UNINITIALIZED_AUTOS = YES_AGGRESSIVE;
				GCC_WARN_UNUSED_FUNCTION = YES;
				GCC_WARN_UNUSED_VARIABLE = YES;
				IPHONEOS_DEPLOYMENT_TARGET = 14.0;
				MTL_ENABLE_DEBUG_INFO = INCLUDE_SOURCE;
				MTL_FAST_MATH = YES;
				ONLY_ACTIVE_ARCH = YES;
				SDKROOT = iphoneos;
				SWIFT_ACTIVE_COMPILATION_CONDITIONS = DEBUG;
				SWIFT_OPTIMIZATION_LEVEL = "-Onone";
			};
			name = Debug;
		};
		43BE5AE2253C0EED007D8D0E /* Release */ = {
			isa = XCBuildConfiguration;
			buildSettings = {
				ALWAYS_SEARCH_USER_PATHS = NO;
				CLANG_ANALYZER_NONNULL = YES;
				CLANG_ANALYZER_NUMBER_OBJECT_CONVERSION = YES_AGGRESSIVE;
				CLANG_CXX_LANGUAGE_STANDARD = "gnu++14";
				CLANG_CXX_LIBRARY = "libc++";
				CLANG_ENABLE_MODULES = YES;
				CLANG_ENABLE_OBJC_ARC = YES;
				CLANG_ENABLE_OBJC_WEAK = YES;
				CLANG_WARN_BLOCK_CAPTURE_AUTORELEASING = YES;
				CLANG_WARN_BOOL_CONVERSION = YES;
				CLANG_WARN_COMMA = YES;
				CLANG_WARN_CONSTANT_CONVERSION = YES;
				CLANG_WARN_DEPRECATED_OBJC_IMPLEMENTATIONS = YES;
				CLANG_WARN_DIRECT_OBJC_ISA_USAGE = YES_ERROR;
				CLANG_WARN_DOCUMENTATION_COMMENTS = YES;
				CLANG_WARN_EMPTY_BODY = YES;
				CLANG_WARN_ENUM_CONVERSION = YES;
				CLANG_WARN_INFINITE_RECURSION = YES;
				CLANG_WARN_INT_CONVERSION = YES;
				CLANG_WARN_NON_LITERAL_NULL_CONVERSION = YES;
				CLANG_WARN_OBJC_IMPLICIT_RETAIN_SELF = YES;
				CLANG_WARN_OBJC_LITERAL_CONVERSION = YES;
				CLANG_WARN_OBJC_ROOT_CLASS = YES_ERROR;
				CLANG_WARN_QUOTED_INCLUDE_IN_FRAMEWORK_HEADER = YES;
				CLANG_WARN_RANGE_LOOP_ANALYSIS = YES;
				CLANG_WARN_STRICT_PROTOTYPES = YES;
				CLANG_WARN_SUSPICIOUS_MOVE = YES;
				CLANG_WARN_UNGUARDED_AVAILABILITY = YES_AGGRESSIVE;
				CLANG_WARN_UNREACHABLE_CODE = YES;
				CLANG_WARN__DUPLICATE_METHOD_MATCH = YES;
				COPY_PHASE_STRIP = NO;
				DEBUG_INFORMATION_FORMAT = "dwarf-with-dsym";
				ENABLE_NS_ASSERTIONS = NO;
				ENABLE_STRICT_OBJC_MSGSEND = YES;
				GCC_C_LANGUAGE_STANDARD = gnu11;
				GCC_NO_COMMON_BLOCKS = YES;
				GCC_WARN_64_TO_32_BIT_CONVERSION = YES;
				GCC_WARN_ABOUT_RETURN_TYPE = YES_ERROR;
				GCC_WARN_UNDECLARED_SELECTOR = YES;
				GCC_WARN_UNINITIALIZED_AUTOS = YES_AGGRESSIVE;
				GCC_WARN_UNUSED_FUNCTION = YES;
				GCC_WARN_UNUSED_VARIABLE = YES;
				IPHONEOS_DEPLOYMENT_TARGET = 14.0;
				MTL_ENABLE_DEBUG_INFO = NO;
				MTL_FAST_MATH = YES;
				SDKROOT = iphoneos;
				SWIFT_COMPILATION_MODE = wholemodule;
				SWIFT_OPTIMIZATION_LEVEL = "-O";
				VALIDATE_PRODUCT = YES;
			};
			name = Release;
		};
		43BE5AE4253C0EED007D8D0E /* Debug */ = {
			isa = XCBuildConfiguration;
			buildSettings = {
				ASSETCATALOG_COMPILER_APPICON_NAME = AppIcon;
				ASSETCATALOG_COMPILER_GLOBAL_ACCENT_COLOR_NAME = AccentColor;
				CODE_SIGN_STYLE = Automatic;
				DEVELOPMENT_TEAM = 74FACJ4H57;
				INFOPLIST_FILE = RepoDemo/Info.plist;
				LD_RUNPATH_SEARCH_PATHS = (
					"$(inherited)",
					"@executable_path/Frameworks",
				);
				PRODUCT_BUNDLE_IDENTIFIER = com.kimiyo.RepoDemo;
				PRODUCT_NAME = "$(TARGET_NAME)";
				SWIFT_VERSION = 5.0;
				TARGETED_DEVICE_FAMILY = "1,2";
			};
			name = Debug;
		};
		43BE5AE5253C0EED007D8D0E /* Release */ = {
			isa = XCBuildConfiguration;
			buildSettings = {
				ASSETCATALOG_COMPILER_APPICON_NAME = AppIcon;
				ASSETCATALOG_COMPILER_GLOBAL_ACCENT_COLOR_NAME = AccentColor;
				CODE_SIGN_STYLE = Automatic;
				DEVELOPMENT_TEAM = 74FACJ4H57;
				INFOPLIST_FILE = RepoDemo/Info.plist;
				LD_RUNPATH_SEARCH_PATHS = (
					"$(inherited)",
					"@executable_path/Frameworks",
				);
				PRODUCT_BUNDLE_IDENTIFIER = com.kimiyo.RepoDemo;
				PRODUCT_NAME = "$(TARGET_NAME)";
				SWIFT_VERSION = 5.0;
				TARGETED_DEVICE_FAMILY = "1,2";
			};
			name = Release;
		};
/* End XCBuildConfiguration section */

/* Begin XCConfigurationList section */
		43BE5AC9253C0EEA007D8D0E /* Build configuration list for PBXProject "RepoDemo" */ = {
			isa = XCConfigurationList;
			buildConfigurations = (
				43BE5AE1253C0EED007D8D0E /* Debug */,
				43BE5AE2253C0EED007D8D0E /* Release */,
			);
			defaultConfigurationIsVisible = 0;
			defaultConfigurationName = Release;
		};
		43BE5AE3253C0EED007D8D0E /* Build configuration list for PBXNativeTarget "RepoDemo" */ = {
			isa = XCConfigurationList;
			buildConfigurations = (
				43BE5AE4253C0EED007D8D0E /* Debug */,
				43BE5AE5253C0EED007D8D0E /* Release */,
			);
			defaultConfigurationIsVisible = 0;
			defaultConfigurationName = Release;
		};
/* End XCConfigurationList section */
	};
	rootObject = 43BE5AC6253C0EEA007D8D0E /* Project object */;
}
